
Microsoft Visual Studio Solution File, Format Version 12.00
# Visual Studio Version 17
VisualStudioVersion = 17.14.36414.22 d17.14
MinimumVisualStudioVersion = 10.0.40219.1
Project("{FAE04EC0-301F-11D3-BF4B-00C04F79EFBC}") = "Application_FR", "Application_FR\Application_FR.csproj", "{854A29C4-2EEC-478F-8EA1-8E9F1B41EC7E}"
EndProject
Project("{2150E333-8FDC-42A3-9474-1A3956D46DE8}") = "Solution Items", "Solution Items", "{8EC462FD-D22E-90A8-E5CE-7E832BA40C5D}"
	ProjectSection(SolutionItems) = preProject
		.gitignore = .gitignore
	EndProjectSection
EndProject
Global
	GlobalSection(SolutionConfigurationPlatforms) = preSolution
		Debug|Any CPU = Debug|Any CPU
		Release|Any CPU = Release|Any CPU
	EndGlobalSection
	GlobalSection(ProjectConfigurationPlatforms) = postSolution
		{854A29C4-2EEC-478F-8EA1-8E9F1B41EC7E}.Debug|Any CPU.ActiveCfg = Debug|Any CPU
		{854A29C4-2EEC-478F-8EA1-8E9F1B41EC7E}.Debug|Any CPU.Build.0 = Debug|Any CPU
		{854A29C4-2EEC-478F-8EA1-8E9F1B41EC7E}.Release|Any CPU.ActiveCfg = Release|Any CPU
		{854A29C4-2EEC-478F-8EA1-8E9F1B41EC7E}.Release|Any CPU.Build.0 = Release|Any CPU
	EndGlobalSection
	GlobalSection(SolutionProperties) = preSolution
		HideSolutionNode = FALSE
	EndGlobalSection
	GlobalSection(ExtensibilityGlobals) = postSolution
		SolutionGuid = {68451C95-1796-474D-AC92-18F60A8F8572}
	EndGlobalSection
EndGlobal
